# This file was autogenerated by Stack.
# You should not edit this file by hand.
# For more information, please see the documentation at:
#   https://docs.haskellstack.org/en/stable/lock_files

packages:
- completed:
    size: 24803
    url: https://github.com/elsen-trading/talib/archive/a812be5ecf7d5beb90967d3642ffe09200402c89.tar.gz
    name: talib
    version: 0.1.0.0
    sha256: 65c6d1d23f82546534c373bdab68093c459cd32b3745302e9eee36bb4231c53e
    pantry-tree:
      size: 706
      sha256: 40457ee53f75b462b35fa28547728945731ef6910f7ae3562e6d247393abba6c
  original:
    url: https://github.com/elsen-trading/talib/archive/a812be5ecf7d5beb90967d3642ffe09200402c89.tar.gz
- completed:
    hackage: ib-api-0.1.0.0@sha256:7cb1fe96767e6253ef55d4997404eb3f4048f1b9bfccfb9e6cca627a734c3bcd,2524
    pantry-tree:
      size: 595
      sha256: b258e94f7fc85e1aa6100e0f96e5b2097ce45c496b6586b90b9b21f5458753d1
  original:
    hackage: ib-api-0.1.0.0@sha256:7cb1fe96767e6253ef55d4997404eb3f4048f1b9bfccfb9e6cca627a734c3bcd,2524
snapshots:
- completed:
    size: 285826
    url: https://raw.githubusercontent.com/commercialhaskell/stackage-snapshots/master/lts/3/20.yaml
    sha256: 9a7ff9a20f50a840478e89dcc2e846c9e1362dc7a3d4ee5f72bfe53e6b8d9720
  original: lts-3.20
